// !$*UTF8*$!
{
	archiveVersion = 1;
	classes = {
	};
	objectVersion = 46;
	objects = {

/* Begin PBXBuildFile section */
		3634AE2D1A2458BF00DB8BAD /* Social.framework in Frameworks */ = {isa = PBXBuildFile; fileRef = 3634AE2C1A2458BF00DB8BAD /* Social.framework */; };
		3634AE2F1A2458E500DB8BAD /* Accounts.framework in Frameworks */ = {isa = PBXBuildFile; fileRef = 3634AE2E1A2458E500DB8BAD /* Accounts.framework */; };
		365701CB1A6E239A006635BF /* libWeiboSDK.a in Frameworks */ = {isa = PBXBuildFile; fileRef = 365701C81A6E239A006635BF /* libWeiboSDK.a */; };
		365701CC1A6E239A006635BF /* WeiboSDK.bundle in Resources */ = {isa = PBXBuildFile; fileRef = 365701C91A6E239A006635BF /* WeiboSDK.bundle */; };
		366042BB1A65308A0059BC66 /* libWeChatSDK.a in Frameworks */ = {isa = PBXBuildFile; fileRef = 366042B81A65308A0059BC66 /* libWeChatSDK.a */; };
		366042BD1A65312A0059BC66 /* WeChatConnection.framework in Frameworks */ = {isa = PBXBuildFile; fileRef = 366042BC1A65312A0059BC66 /* WeChatConnection.framework */; };
		3695D8A01A12F770008747D2 /* ShareSDKFlatShareViewUI.bundle in Resources */ = {isa = PBXBuildFile; fileRef = 3695D8941A12F770008747D2 /* ShareSDKFlatShareViewUI.bundle */; };
		3695D8A11A12F770008747D2 /* ShareSDKFlatShareViewUI.framework in Frameworks */ = {isa = PBXBuildFile; fileRef = 3695D8951A12F770008747D2 /* ShareSDKFlatShareViewUI.framework */; };
		3695D8A21A12F771008747D2 /* ShareSDKiPadDefaultShareViewUI.bundle in Resources */ = {isa = PBXBuildFile; fileRef = 3695D8961A12F770008747D2 /* ShareSDKiPadDefaultShareViewUI.bundle */; };
		3695D8A31A12F771008747D2 /* ShareSDKiPadDefaultShareViewUI.framework in Frameworks */ = {isa = PBXBuildFile; fileRef = 3695D8971A12F770008747D2 /* ShareSDKiPadDefaultShareViewUI.framework */; };
		3695D8A41A12F771008747D2 /* ShareSDKiPadSimpleShareViewUI.bundle in Resources */ = {isa = PBXBuildFile; fileRef = 3695D8981A12F770008747D2 /* ShareSDKiPadSimpleShareViewUI.bundle */; };
		3695D8A51A12F771008747D2 /* ShareSDKiPadSimpleShareViewUI.framework in Frameworks */ = {isa = PBXBuildFile; fileRef = 3695D8991A12F770008747D2 /* ShareSDKiPadSimpleShareViewUI.framework */; };
		3695D8A61A12F771008747D2 /* ShareSDKiPhoneAppRecommendShareViewUI.framework in Frameworks */ = {isa = PBXBuildFile; fileRef = 3695D89A1A12F770008747D2 /* ShareSDKiPhoneAppRecommendShareViewUI.framework */; };
		3695D8A71A12F771008747D2 /* ShareSDKiPhoneDefaultShareViewUI.bundle in Resources */ = {isa = PBXBuildFile; fileRef = 3695D89B1A12F770008747D2 /* ShareSDKiPhoneDefaultShareViewUI.bundle */; };
		3695D8A81A12F771008747D2 /* ShareSDKiPhoneDefaultShareViewUI.framework in Frameworks */ = {isa = PBXBuildFile; fileRef = 3695D89C1A12F770008747D2 /* ShareSDKiPhoneDefaultShareViewUI.framework */; };
		3695D8A91A12F771008747D2 /* ShareSDKiPhoneSimpleShareViewUI.bundle in Resources */ = {isa = PBXBuildFile; fileRef = 3695D89D1A12F770008747D2 /* ShareSDKiPhoneSimpleShareViewUI.bundle */; };
		3695D8AA1A12F771008747D2 /* ShareSDKiPhoneSimpleShareViewUI.framework in Frameworks */ = {isa = PBXBuildFile; fileRef = 3695D89E1A12F770008747D2 /* ShareSDKiPhoneSimpleShareViewUI.framework */; };
		3695D8AB1A12F771008747D2 /* ShareSDKShareActionSheet.framework in Frameworks */ = {isa = PBXBuildFile; fileRef = 3695D89F1A12F770008747D2 /* ShareSDKShareActionSheet.framework */; };
		416E6C861867CC8C001AFF08 /* SinaWeiboConnection.framework in Frameworks */ = {isa = PBXBuildFile; fileRef = 416E6C371867CC8C001AFF08 /* SinaWeiboConnection.framework */; };
		416E6C8B1867CC8C001AFF08 /* TencentWeiboConnection.framework in Frameworks */ = {isa = PBXBuildFile; fileRef = 416E6C3C1867CC8C001AFF08 /* TencentWeiboConnection.framework */; };
		416E6C921867CC8C001AFF08 /* AGCommon.framework in Frameworks */ = {isa = PBXBuildFile; fileRef = 416E6C441867CC8C001AFF08 /* AGCommon.framework */; };
		416E6C931867CC8D001AFF08 /* ShareSDKLocalizable.strings in Resources */ = {isa = PBXBuildFile; fileRef = 416E6C451867CC8C001AFF08 /* ShareSDKLocalizable.strings */; };
		416E6C941867CC8D001AFF08 /* Resource.bundle in Resources */ = {isa = PBXBuildFile; fileRef = 416E6C471867CC8C001AFF08 /* Resource.bundle */; };
		416E6C951867CC8D001AFF08 /* ShareSDKCoreService.framework in Frameworks */ = {isa = PBXBuildFile; fileRef = 416E6C481867CC8C001AFF08 /* ShareSDKCoreService.framework */; };
		416E6CA11867CC8D001AFF08 /* libTCWeiboSDK.a in Frameworks */ = {isa = PBXBuildFile; fileRef = 416E6C5E1867CC8C001AFF08 /* libTCWeiboSDK.a */; };
		416E6CA41867CC8D001AFF08 /* ShareSDK.framework in Frameworks */ = {isa = PBXBuildFile; fileRef = 416E6C681867CC8C001AFF08 /* ShareSDK.framework */; };
		416E6CB51867DBDC001AFF08 /* Comment.bundle in Resources */ = {isa = PBXBuildFile; fileRef = 416E6CB31867DBDC001AFF08 /* Comment.bundle */; };
		416E6CB61867DBDC001AFF08 /* Comment.framework in Frameworks */ = {isa = PBXBuildFile; fileRef = 416E6CB41867DBDC001AFF08 /* Comment.framework */; };
		A80833EB18671108001D257D /* Foundation.framework in Frameworks */ = {isa = PBXBuildFile; fileRef = A80833EA18671108001D257D /* Foundation.framework */; };
		A80833ED18671108001D257D /* CoreGraphics.framework in Frameworks */ = {isa = PBXBuildFile; fileRef = A80833EC18671108001D257D /* CoreGraphics.framework */; };
		A80833EF18671108001D257D /* UIKit.framework in Frameworks */ = {isa = PBXBuildFile; fileRef = A80833EE18671108001D257D /* UIKit.framework */; };
		A80833F518671108001D257D /* InfoPlist.strings in Resources */ = {isa = PBXBuildFile; fileRef = A80833F318671108001D257D /* InfoPlist.strings */; };
		A80833F718671108001D257D /* main.m in Sources */ = {isa = PBXBuildFile; fileRef = A80833F618671108001D257D /* main.m */; };
		A80833FB18671108001D257D /* SSCAppDelegate.m in Sources */ = {isa = PBXBuildFile; fileRef = A80833FA18671108001D257D /* SSCAppDelegate.m */; };
		A808340418671108001D257D /* SSCViewController.m in Sources */ = {isa = PBXBuildFile; fileRef = A808340318671108001D257D /* SSCViewController.m */; };
		A808340618671108001D257D /* Images.xcassets in Resources */ = {isa = PBXBuildFile; fileRef = A808340518671108001D257D /* Images.xcassets */; };
		A8083485186718EF001D257D /* CoreTelephony.framework in Frameworks */ = {isa = PBXBuildFile; fileRef = A8083484186718EF001D257D /* CoreTelephony.framework */; };
		A8083487186718F4001D257D /* SystemConfiguration.framework in Frameworks */ = {isa = PBXBuildFile; fileRef = A8083486186718F4001D257D /* SystemConfiguration.framework */; };
		A808348918671904001D257D /* libicucore.dylib in Frameworks */ = {isa = PBXBuildFile; fileRef = A808348818671904001D257D /* libicucore.dylib */; };
		A808348B1867190C001D257D /* MessageUI.framework in Frameworks */ = {isa = PBXBuildFile; fileRef = A808348A1867190C001D257D /* MessageUI.framework */; };
		A808348D18671916001D257D /* libz.1.2.5.dylib in Frameworks */ = {isa = PBXBuildFile; fileRef = A808348C18671916001D257D /* libz.1.2.5.dylib */; };
/* End PBXBuildFile section */

/* Begin PBXFileReference section */
		3634AE2C1A2458BF00DB8BAD /* Social.framework */ = {isa = PBXFileReference; lastKnownFileType = wrapper.framework; name = Social.framework; path = System/Library/Frameworks/Social.framework; sourceTree = SDKROOT; };
		3634AE2E1A2458E500DB8BAD /* Accounts.framework */ = {isa = PBXFileReference; lastKnownFileType = wrapper.framework; name = Accounts.framework; path = System/Library/Frameworks/Accounts.framework; sourceTree = SDKROOT; };
		365701C81A6E239A006635BF /* libWeiboSDK.a */ = {isa = PBXFileReference; lastKnownFileType = archive.ar; path = libWeiboSDK.a; sourceTree = "<group>"; };
		365701C91A6E239A006635BF /* WeiboSDK.bundle */ = {isa = PBXFileReference; lastKnownFileType = "wrapper.plug-in"; path = WeiboSDK.bundle; sourceTree = "<group>"; };
		365701CA1A6E239A006635BF /* WeiboSDK.h */ = {isa = PBXFileReference; fileEncoding = 4; lastKnownFileType = sourcecode.c.h; path = WeiboSDK.h; sourceTree = "<group>"; };
		366042B81A65308A0059BC66 /* libWeChatSDK.a */ = {isa = PBXFileReference; lastKnownFileType = archive.ar; path = libWeChatSDK.a; sourceTree = "<group>"; };
		366042B91A65308A0059BC66 /* WXApi.h */ = {isa = PBXFileReference; fileEncoding = 4; lastKnownFileType = sourcecode.c.h; path = WXApi.h; sourceTree = "<group>"; };
		366042BA1A65308A0059BC66 /* WXApiObject.h */ = {isa = PBXFileReference; fileEncoding = 4; lastKnownFileType = sourcecode.c.h; path = WXApiObject.h; sourceTree = "<group>"; };
		366042BC1A65312A0059BC66 /* WeChatConnection.framework */ = {isa = PBXFileReference; lastKnownFileType = wrapper.framework; path = WeChatConnection.framework; sourceTree = "<group>"; };
		3695D8941A12F770008747D2 /* ShareSDKFlatShareViewUI.bundle */ = {isa = PBXFileReference; lastKnownFileType = "wrapper.plug-in"; path = ShareSDKFlatShareViewUI.bundle; sourceTree = "<group>"; };
		3695D8951A12F770008747D2 /* ShareSDKFlatShareViewUI.framework */ = {isa = PBXFileReference; lastKnownFileType = wrapper.framework; path = ShareSDKFlatShareViewUI.framework; sourceTree = "<group>"; };
		3695D8961A12F770008747D2 /* ShareSDKiPadDefaultShareViewUI.bundle */ = {isa = PBXFileReference; lastKnownFileType = "wrapper.plug-in"; path = ShareSDKiPadDefaultShareViewUI.bundle; sourceTree = "<group>"; };
		3695D8971A12F770008747D2 /* ShareSDKiPadDefaultShareViewUI.framework */ = {isa = PBXFileReference; lastKnownFileType = wrapper.framework; path = ShareSDKiPadDefaultShareViewUI.framework; sourceTree = "<group>"; };
		3695D8981A12F770008747D2 /* ShareSDKiPadSimpleShareViewUI.bundle */ = {isa = PBXFileReference; lastKnownFileType = "wrapper.plug-in"; path = ShareSDKiPadSimpleShareViewUI.bundle; sourceTree = "<group>"; };
		3695D8991A12F770008747D2 /* ShareSDKiPadSimpleShareViewUI.framework */ = {isa = PBXFileReference; lastKnownFileType = wrapper.framework; path = ShareSDKiPadSimpleShareViewUI.framework; sourceTree = "<group>"; };
		3695D89A1A12F770008747D2 /* ShareSDKiPhoneAppRecommendShareViewUI.framework */ = {isa = PBXFileReference; lastKnownFileType = wrapper.framework; path = ShareSDKiPhoneAppRecommendShareViewUI.framework; sourceTree = "<group>"; };
		3695D89B1A12F770008747D2 /* ShareSDKiPhoneDefaultShareViewUI.bundle */ = {isa = PBXFileReference; lastKnownFileType = "wrapper.plug-in"; path = ShareSDKiPhoneDefaultShareViewUI.bundle; sourceTree = "<group>"; };
		3695D89C1A12F770008747D2 /* ShareSDKiPhoneDefaultShareViewUI.framework */ = {isa = PBXFileReference; lastKnownFileType = wrapper.framework; path = ShareSDKiPhoneDefaultShareViewUI.framework; sourceTree = "<group>"; };
		3695D89D1A12F770008747D2 /* ShareSDKiPhoneSimpleShareViewUI.bundle */ = {isa = PBXFileReference; lastKnownFileType = "wrapper.plug-in"; path = ShareSDKiPhoneSimpleShareViewUI.bundle; sourceTree = "<group>"; };
		3695D89E1A12F770008747D2 /* ShareSDKiPhoneSimpleShareViewUI.framework */ = {isa = PBXFileReference; lastKnownFileType = wrapper.framework; path = ShareSDKiPhoneSimpleShareViewUI.framework; sourceTree = "<group>"; };
		3695D89F1A12F770008747D2 /* ShareSDKShareActionSheet.framework */ = {isa = PBXFileReference; lastKnownFileType = wrapper.framework; path = ShareSDKShareActionSheet.framework; sourceTree = "<group>"; };
		416E6C371867CC8C001AFF08 /* SinaWeiboConnection.framework */ = {isa = PBXFileReference; lastKnownFileType = wrapper.framework; path = SinaWeiboConnection.framework; sourceTree = "<group>"; };
		416E6C3C1867CC8C001AFF08 /* TencentWeiboConnection.framework */ = {isa = PBXFileReference; lastKnownFileType = wrapper.framework; path = TencentWeiboConnection.framework; sourceTree = "<group>"; };
		416E6C441867CC8C001AFF08 /* AGCommon.framework */ = {isa = PBXFileReference; lastKnownFileType = wrapper.framework; path = AGCommon.framework; sourceTree = "<group>"; };
		416E6C461867CC8C001AFF08 /* en */ = {isa = PBXFileReference; lastKnownFileType = text.plist.strings; name = en; path = en.lproj/ShareSDKLocalizable.strings; sourceTree = "<group>"; };
		416E6C471867CC8C001AFF08 /* Resource.bundle */ = {isa = PBXFileReference; lastKnownFileType = "wrapper.plug-in"; path = Resource.bundle; sourceTree = "<group>"; };
		416E6C481867CC8C001AFF08 /* ShareSDKCoreService.framework */ = {isa = PBXFileReference; lastKnownFileType = wrapper.framework; path = ShareSDKCoreService.framework; sourceTree = "<group>"; };
		416E6C491867CC8C001AFF08 /* zh-Hans */ = {isa = PBXFileReference; lastKnownFileType = text.plist.strings; name = "zh-Hans"; path = "zh-Hans.lproj/ShareSDKLocalizable.strings"; sourceTree = "<group>"; };
		416E6C5E1867CC8C001AFF08 /* libTCWeiboSDK.a */ = {isa = PBXFileReference; lastKnownFileType = archive.ar; path = libTCWeiboSDK.a; sourceTree = "<group>"; };
		416E6C5F1867CC8C001AFF08 /* WeiboApi.h */ = {isa = PBXFileReference; fileEncoding = 4; lastKnownFileType = sourcecode.c.h; path = WeiboApi.h; sourceTree = "<group>"; };
		416E6C681867CC8C001AFF08 /* ShareSDK.framework */ = {isa = PBXFileReference; lastKnownFileType = wrapper.framework; path = ShareSDK.framework; sourceTree = "<group>"; };
		416E6CB31867DBDC001AFF08 /* Comment.bundle */ = {isa = PBXFileReference; lastKnownFileType = "wrapper.plug-in"; path = Comment.bundle; sourceTree = "<group>"; };
		416E6CB41867DBDC001AFF08 /* Comment.framework */ = {isa = PBXFileReference; lastKnownFileType = wrapper.framework; path = Comment.framework; sourceTree = "<group>"; };
		A80833E718671108001D257D /* CommentDemo.app */ = {isa = PBXFileReference; explicitFileType = wrapper.application; includeInIndex = 0; path = CommentDemo.app; sourceTree = BUILT_PRODUCTS_DIR; };
		A80833EA18671108001D257D /* Foundation.framework */ = {isa = PBXFileReference; lastKnownFileType = wrapper.framework; name = Foundation.framework; path = System/Library/Frameworks/Foundation.framework; sourceTree = SDKROOT; };
		A80833EC18671108001D257D /* CoreGraphics.framework */ = {isa = PBXFileReference; lastKnownFileType = wrapper.framework; name = CoreGraphics.framework; path = System/Library/Frameworks/CoreGraphics.framework; sourceTree = SDKROOT; };
		A80833EE18671108001D257D /* UIKit.framework */ = {isa = PBXFileReference; lastKnownFileType = wrapper.framework; name = UIKit.framework; path = System/Library/Frameworks/UIKit.framework; sourceTree = SDKROOT; };
		A80833F218671108001D257D /* CommentDemo-Info.plist */ = {isa = PBXFileReference; lastKnownFileType = text.plist.xml; path = "CommentDemo-Info.plist"; sourceTree = "<group>"; };
		A80833F418671108001D257D /* en */ = {isa = PBXFileReference; lastKnownFileType = text.plist.strings; name = en; path = en.lproj/InfoPlist.strings; sourceTree = "<group>"; };
		A80833F618671108001D257D /* main.m */ = {isa = PBXFileReference; lastKnownFileType = sourcecode.c.objc; path = main.m; sourceTree = "<group>"; };
		A80833F818671108001D257D /* CommentDemo-Prefix.pch */ = {isa = PBXFileReference; lastKnownFileType = sourcecode.c.h; path = "CommentDemo-Prefix.pch"; sourceTree = "<group>"; };
		A80833F918671108001D257D /* SSCAppDelegate.h */ = {isa = PBXFileReference; lastKnownFileType = sourcecode.c.h; path = SSCAppDelegate.h; sourceTree = "<group>"; };
		A80833FA18671108001D257D /* SSCAppDelegate.m */ = {isa = PBXFileReference; lastKnownFileType = sourcecode.c.objc; path = SSCAppDelegate.m; sourceTree = "<group>"; };
		A808340218671108001D257D /* SSCViewController.h */ = {isa = PBXFileReference; lastKnownFileType = sourcecode.c.h; path = SSCViewController.h; sourceTree = "<group>"; };
		A808340318671108001D257D /* SSCViewController.m */ = {isa = PBXFileReference; lastKnownFileType = sourcecode.c.objc; path = SSCViewController.m; sourceTree = "<group>"; };
		A808340518671108001D257D /* Images.xcassets */ = {isa = PBXFileReference; lastKnownFileType = folder.assetcatalog; path = Images.xcassets; sourceTree = "<group>"; };
		A808340C18671109001D257D /* XCTest.framework */ = {isa = PBXFileReference; lastKnownFileType = wrapper.framework; name = XCTest.framework; path = Library/Frameworks/XCTest.framework; sourceTree = DEVELOPER_DIR; };
		A8083484186718EF001D257D /* CoreTelephony.framework */ = {isa = PBXFileReference; lastKnownFileType = wrapper.framework; name = CoreTelephony.framework; path = System/Library/Frameworks/CoreTelephony.framework; sourceTree = SDKROOT; };
		A8083486186718F4001D257D /* SystemConfiguration.framework */ = {isa = PBXFileReference; lastKnownFileType = wrapper.framework; name = SystemConfiguration.framework; path = System/Library/Frameworks/SystemConfiguration.framework; sourceTree = SDKROOT; };
		A808348818671904001D257D /* libicucore.dylib */ = {isa = PBXFileReference; lastKnownFileType = "compiled.mach-o.dylib"; name = libicucore.dylib; path = usr/lib/libicucore.dylib; sourceTree = SDKROOT; };
		A808348A1867190C001D257D /* MessageUI.framework */ = {isa = PBXFileReference; lastKnownFileType = wrapper.framework; name = MessageUI.framework; path = System/Library/Frameworks/MessageUI.framework; sourceTree = SDKROOT; };
		A808348C18671916001D257D /* libz.1.2.5.dylib */ = {isa = PBXFileReference; lastKnownFileType = "compiled.mach-o.dylib"; name = libz.1.2.5.dylib; path = usr/lib/libz.1.2.5.dylib; sourceTree = SDKROOT; };
/* End PBXFileReference section */

/* Begin PBXFrameworksBuildPhase section */
		A80833E418671108001D257D /* Frameworks */ = {
			isa = PBXFrameworksBuildPhase;
			buildActionMask = 2147483647;
			files = (
				3634AE2F1A2458E500DB8BAD /* Accounts.framework in Frameworks */,
				3634AE2D1A2458BF00DB8BAD /* Social.framework in Frameworks */,
				416E6CB61867DBDC001AFF08 /* Comment.framework in Frameworks */,
				3695D8A11A12F770008747D2 /* ShareSDKFlatShareViewUI.framework in Frameworks */,
				A808348D18671916001D257D /* libz.1.2.5.dylib in Frameworks */,
				A808348B1867190C001D257D /* MessageUI.framework in Frameworks */,
				A808348918671904001D257D /* libicucore.dylib in Frameworks */,
				3695D8AB1A12F771008747D2 /* ShareSDKShareActionSheet.framework in Frameworks */,
				A8083487186718F4001D257D /* SystemConfiguration.framework in Frameworks */,
				3695D8A31A12F771008747D2 /* ShareSDKiPadDefaultShareViewUI.framework in Frameworks */,
				A8083485186718EF001D257D /* CoreTelephony.framework in Frameworks */,
				416E6C8B1867CC8C001AFF08 /* TencentWeiboConnection.framework in Frameworks */,
				A80833ED18671108001D257D /* CoreGraphics.framework in Frameworks */,
				365701CB1A6E239A006635BF /* libWeiboSDK.a in Frameworks */,
				3695D8A61A12F771008747D2 /* ShareSDKiPhoneAppRecommendShareViewUI.framework in Frameworks */,
				416E6C951867CC8D001AFF08 /* ShareSDKCoreService.framework in Frameworks */,
				416E6CA41867CC8D001AFF08 /* ShareSDK.framework in Frameworks */,
				A80833EF18671108001D257D /* UIKit.framework in Frameworks */,
				3695D8A81A12F771008747D2 /* ShareSDKiPhoneDefaultShareViewUI.framework in Frameworks */,
				366042BD1A65312A0059BC66 /* WeChatConnection.framework in Frameworks */,
				416E6CA11867CC8D001AFF08 /* libTCWeiboSDK.a in Frameworks */,
				366042BB1A65308A0059BC66 /* libWeChatSDK.a in Frameworks */,
				3695D8AA1A12F771008747D2 /* ShareSDKiPhoneSimpleShareViewUI.framework in Frameworks */,
				3695D8A51A12F771008747D2 /* ShareSDKiPadSimpleShareViewUI.framework in Frameworks */,
				416E6C921867CC8C001AFF08 /* AGCommon.framework in Frameworks */,
				A80833EB18671108001D257D /* Foundation.framework in Frameworks */,
				416E6C861867CC8C001AFF08 /* SinaWeiboConnection.framework in Frameworks */,
			);
			runOnlyForDeploymentPostprocessing = 0;
		};
/* End PBXFrameworksBuildPhase section */

/* Begin PBXGroup section */
		365701C71A6E239A006635BF /* SinaWeiboSDK */ = {
			isa = PBXGroup;
			children = (
				365701C81A6E239A006635BF /* libWeiboSDK.a */,
				365701C91A6E239A006635BF /* WeiboSDK.bundle */,
				365701CA1A6E239A006635BF /* WeiboSDK.h */,
			);
			path = SinaWeiboSDK;
			sourceTree = "<group>";
		};
		366042B71A65308A0059BC66 /* WeChatSDK */ = {
			isa = PBXGroup;
			children = (
				366042B81A65308A0059BC66 /* libWeChatSDK.a */,
				366042B91A65308A0059BC66 /* WXApi.h */,
				366042BA1A65308A0059BC66 /* WXApiObject.h */,
			);
			path = WeChatSDK;
			sourceTree = "<group>";
		};
		3695D8931A12F770008747D2 /* UI */ = {
			isa = PBXGroup;
			children = (
				3695D8941A12F770008747D2 /* ShareSDKFlatShareViewUI.bundle */,
				3695D8951A12F770008747D2 /* ShareSDKFlatShareViewUI.framework */,
				3695D8961A12F770008747D2 /* ShareSDKiPadDefaultShareViewUI.bundle */,
				3695D8971A12F770008747D2 /* ShareSDKiPadDefaultShareViewUI.framework */,
				3695D8981A12F770008747D2 /* ShareSDKiPadSimpleShareViewUI.bundle */,
				3695D8991A12F770008747D2 /* ShareSDKiPadSimpleShareViewUI.framework */,
				3695D89A1A12F770008747D2 /* ShareSDKiPhoneAppRecommendShareViewUI.framework */,
				3695D89B1A12F770008747D2 /* ShareSDKiPhoneDefaultShareViewUI.bundle */,
				3695D89C1A12F770008747D2 /* ShareSDKiPhoneDefaultShareViewUI.framework */,
				3695D89D1A12F770008747D2 /* ShareSDKiPhoneSimpleShareViewUI.bundle */,
				3695D89E1A12F770008747D2 /* ShareSDKiPhoneSimpleShareViewUI.framework */,
				3695D89F1A12F770008747D2 /* ShareSDKShareActionSheet.framework */,
			);
			path = UI;
			sourceTree = "<group>";
		};
		416E6C221867CC8C001AFF08 /* ShareSDK */ = {
			isa = PBXGroup;
			children = (
				3695D8931A12F770008747D2 /* UI */,
				416E6C231867CC8C001AFF08 /* Connection */,
				416E6C431867CC8C001AFF08 /* Core */,
				416E6C4A1867CC8C001AFF08 /* Extend */,
				416E6C681867CC8C001AFF08 /* ShareSDK.framework */,
			);
			name = ShareSDK;
			path = ../ShareSDK;
			sourceTree = "<group>";
		};
		416E6C231867CC8C001AFF08 /* Connection */ = {
			isa = PBXGroup;
			children = (
				366042BC1A65312A0059BC66 /* WeChatConnection.framework */,
				416E6C371867CC8C001AFF08 /* SinaWeiboConnection.framework */,
				416E6C3C1867CC8C001AFF08 /* TencentWeiboConnection.framework */,
			);
			path = Connection;
			sourceTree = "<group>";
		};
		416E6C431867CC8C001AFF08 /* Core */ = {
			isa = PBXGroup;
			children = (
				416E6C441867CC8C001AFF08 /* AGCommon.framework */,
				416E6C451867CC8C001AFF08 /* ShareSDKLocalizable.strings */,
				416E6C471867CC8C001AFF08 /* Resource.bundle */,
				416E6C481867CC8C001AFF08 /* ShareSDKCoreService.framework */,
			);
			path = Core;
			sourceTree = "<group>";
		};
		416E6C4A1867CC8C001AFF08 /* Extend */ = {
			isa = PBXGroup;
			children = (
				365701C71A6E239A006635BF /* SinaWeiboSDK */,
				366042B71A65308A0059BC66 /* WeChatSDK */,
				416E6C5D1867CC8C001AFF08 /* TencentWeiboSDK */,
			);
			path = Extend;
			sourceTree = "<group>";
		};
		416E6C5D1867CC8C001AFF08 /* TencentWeiboSDK */ = {
			isa = PBXGroup;
			children = (
				416E6C5E1867CC8C001AFF08 /* libTCWeiboSDK.a */,
				416E6C5F1867CC8C001AFF08 /* WeiboApi.h */,
			);
			path = TencentWeiboSDK;
			sourceTree = "<group>";
		};
		416E6CB21867DBDC001AFF08 /* Comment */ = {
			isa = PBXGroup;
			children = (
				416E6CB31867DBDC001AFF08 /* Comment.bundle */,
				416E6CB41867DBDC001AFF08 /* Comment.framework */,
			);
			name = Comment;
			path = ../Comment;
			sourceTree = "<group>";
		};
		A80833DE18671108001D257D = {
			isa = PBXGroup;
			children = (
				416E6CB21867DBDC001AFF08 /* Comment */,
				416E6C221867CC8C001AFF08 /* ShareSDK */,
				A80833F018671108001D257D /* CommentDemo */,
				A80833E918671108001D257D /* Frameworks */,
				A80833E818671108001D257D /* Products */,
			);
			sourceTree = "<group>";
		};
		A80833E818671108001D257D /* Products */ = {
			isa = PBXGroup;
			children = (
				A80833E718671108001D257D /* CommentDemo.app */,
			);
			name = Products;
			sourceTree = "<group>";
		};
		A80833E918671108001D257D /* Frameworks */ = {
			isa = PBXGroup;
			children = (
				3634AE2E1A2458E500DB8BAD /* Accounts.framework */,
				3634AE2C1A2458BF00DB8BAD /* Social.framework */,
				A808348C18671916001D257D /* libz.1.2.5.dylib */,
				A808348A1867190C001D257D /* MessageUI.framework */,
				A808348818671904001D257D /* libicucore.dylib */,
				A8083486186718F4001D257D /* SystemConfiguration.framework */,
				A8083484186718EF001D257D /* CoreTelephony.framework */,
				A80833EA18671108001D257D /* Foundation.framework */,
				A80833EC18671108001D257D /* CoreGraphics.framework */,
				A80833EE18671108001D257D /* UIKit.framework */,
				A808340C18671109001D257D /* XCTest.framework */,
			);
			name = Frameworks;
			sourceTree = "<group>";
		};
		A80833F018671108001D257D /* CommentDemo */ = {
			isa = PBXGroup;
			children = (
				A80833F918671108001D257D /* SSCAppDelegate.h */,
				A80833FA18671108001D257D /* SSCAppDelegate.m */,
				A808340218671108001D257D /* SSCViewController.h */,
				A808340318671108001D257D /* SSCViewController.m */,
				A80833F118671108001D257D /* Supporting Files */,
			);
			path = CommentDemo;
			sourceTree = "<group>";
		};
		A80833F118671108001D257D /* Supporting Files */ = {
			isa = PBXGroup;
			children = (
				A808340518671108001D257D /* Images.xcassets */,
				A80833F218671108001D257D /* CommentDemo-Info.plist */,
				A80833F318671108001D257D /* InfoPlist.strings */,
				A80833F618671108001D257D /* main.m */,
				A80833F818671108001D257D /* CommentDemo-Prefix.pch */,
			);
			name = "Supporting Files";
			sourceTree = "<group>";
		};
/* End PBXGroup section */

/* Begin PBXNativeTarget section */
		A80833E618671108001D257D /* CommentDemo */ = {
			isa = PBXNativeTarget;
			buildConfigurationList = A808341C18671109001D257D /* Build configuration list for PBXNativeTarget "CommentDemo" */;
			buildPhases = (
				A80833E318671108001D257D /* Sources */,
				A80833E418671108001D257D /* Frameworks */,
				A80833E518671108001D257D /* Resources */,
			);
			buildRules = (
			);
			dependencies = (
			);
			name = CommentDemo;
			productName = CommentDemo;
			productReference = A80833E718671108001D257D /* CommentDemo.app */;
			productType = "com.apple.product-type.application";
		};
/* End PBXNativeTarget section */

/* Begin PBXProject section */
		A80833DF18671108001D257D /* Project object */ = {
			isa = PBXProject;
			attributes = {
				CLASSPREFIX = SSC;
				LastUpgradeCheck = 0500;
				ORGANIZATIONNAME = vimfung;
			};
			buildConfigurationList = A80833E218671108001D257D /* Build configuration list for PBXProject "CommentDemo" */;
			compatibilityVersion = "Xcode 3.2";
			developmentRegion = English;
			hasScannedForEncodings = 0;
			knownRegions = (
				en,
				Base,
				"zh-Hans",
			);
			mainGroup = A80833DE18671108001D257D;
			productRefGroup = A80833E818671108001D257D /* Products */;
			projectDirPath = "";
			projectRoot = "";
			targets = (
				A80833E618671108001D257D /* CommentDemo */,
			);
		};
/* End PBXProject section */

/* Begin PBXResourcesBuildPhase section */
		A80833E518671108001D257D /* Resources */ = {
			isa = PBXResourcesBuildPhase;
			buildActionMask = 2147483647;
			files = (
				3695D8A41A12F771008747D2 /* ShareSDKiPadSimpleShareViewUI.bundle in Resources */,
				416E6C931867CC8D001AFF08 /* ShareSDKLocalizable.strings in Resources */,
				3695D8A91A12F771008747D2 /* ShareSDKiPhoneSimpleShareViewUI.bundle in Resources */,
				3695D8A21A12F771008747D2 /* ShareSDKiPadDefaultShareViewUI.bundle in Resources */,
				416E6C941867CC8D001AFF08 /* Resource.bundle in Resources */,
				3695D8A01A12F770008747D2 /* ShareSDKFlatShareViewUI.bundle in Resources */,
				416E6CB51867DBDC001AFF08 /* Comment.bundle in Resources */,
				A808340618671108001D257D /* Images.xcassets in Resources */,
				365701CC1A6E239A006635BF /* WeiboSDK.bundle in Resources */,
				3695D8A71A12F771008747D2 /* ShareSDKiPhoneDefaultShareViewUI.bundle in Resources */,
				A80833F518671108001D257D /* InfoPlist.strings in Resources */,
			);
			runOnlyForDeploymentPostprocessing = 0;
		};
/* End PBXResourcesBuildPhase section */

/* Begin PBXSourcesBuildPhase section */
		A80833E318671108001D257D /* Sources */ = {
			isa = PBXSourcesBuildPhase;
			buildActionMask = 2147483647;
			files = (
				A808340418671108001D257D /* SSCViewController.m in Sources */,
				A80833FB18671108001D257D /* SSCAppDelegate.m in Sources */,
				A80833F718671108001D257D /* main.m in Sources */,
			);
			runOnlyForDeploymentPostprocessing = 0;
		};
/* End PBXSourcesBuildPhase section */

/* Begin PBXVariantGroup section */
		416E6C451867CC8C001AFF08 /* ShareSDKLocalizable.strings */ = {
			isa = PBXVariantGroup;
			children = (
				416E6C461867CC8C001AFF08 /* en */,
				416E6C491867CC8C001AFF08 /* zh-Hans */,
			);
			name = ShareSDKLocalizable.strings;
			sourceTree = "<group>";
		};
		A80833F318671108001D257D /* InfoPlist.strings */ = {
			isa = PBXVariantGroup;
			children = (
				A80833F418671108001D257D /* en */,
			);
			name = InfoPlist.strings;
			sourceTree = "<group>";
		};
/* End PBXVariantGroup section */

/* Begin XCBuildConfiguration section */
		A808341A18671109001D257D /* Debug */ = {
			isa = XCBuildConfiguration;
			buildSettings = {
				ALWAYS_SEARCH_USER_PATHS = NO;
				ARCHS = "$(ARCHS_STANDARD)";
				CLANG_CXX_LANGUAGE_STANDARD = "gnu++0x";
				CLANG_CXX_LIBRARY = "libc++";
				CLANG_ENABLE_MODULES = YES;
				CLANG_ENABLE_OBJC_ARC = YES;
				CLANG_WARN_BOOL_CONVERSION = YES;
				CLANG_WARN_CONSTANT_CONVERSION = YES;
				CLANG_WARN_DIRECT_OBJC_ISA_USAGE = YES_ERROR;
				CLANG_WARN_EMPTY_BODY = YES;
				CLANG_WARN_ENUM_CONVERSION = YES;
				CLANG_WARN_INT_CONVERSION = YES;
				CLANG_WARN_OBJC_ROOT_CLASS = YES_ERROR;
				CLANG_WARN__DUPLICATE_METHOD_MATCH = YES;
				CODE_SIGN_IDENTITY = "iPhone Developer: Jinghuang Liu (H4ZH7W6LU4)";
				"CODE_SIGN_IDENTITY[sdk=iphoneos*]" = "iPhone Developer: Jinghuang Liu (H4ZH7W6LU4)";
				COPY_PHASE_STRIP = NO;
				GCC_C_LANGUAGE_STANDARD = gnu99;
				GCC_DYNAMIC_NO_PIC = NO;
				GCC_OPTIMIZATION_LEVEL = 0;
				GCC_PREPROCESSOR_DEFINITIONS = (
					"DEBUG=1",
					"$(inherited)",
				);
				GCC_SYMBOLS_PRIVATE_EXTERN = NO;
				GCC_WARN_64_TO_32_BIT_CONVERSION = YES;
				GCC_WARN_ABOUT_RETURN_TYPE = YES_ERROR;
				GCC_WARN_UNDECLARED_SELECTOR = YES;
				GCC_WARN_UNINITIALIZED_AUTOS = YES;
				GCC_WARN_UNUSED_FUNCTION = YES;
				GCC_WARN_UNUSED_VARIABLE = YES;
				IPHONEOS_DEPLOYMENT_TARGET = 7.0;
				ONLY_ACTIVE_ARCH = YES;
				PROVISIONING_PROFILE = "";
				SDKROOT = iphoneos;
				TARGETED_DEVICE_FAMILY = "1,2";
			};
			name = Debug;
		};
		A808341B18671109001D257D /* Release */ = {
			isa = XCBuildConfiguration;
			buildSettings = {
				ALWAYS_SEARCH_USER_PATHS = NO;
				ARCHS = "$(ARCHS_STANDARD)";
				CLANG_CXX_LANGUAGE_STANDARD = "gnu++0x";
				CLANG_CXX_LIBRARY = "libc++";
				CLANG_ENABLE_MODULES = YES;
				CLANG_ENABLE_OBJC_ARC = YES;
				CLANG_WARN_BOOL_CONVERSION = YES;
				CLANG_WARN_CONSTANT_CONVERSION = YES;
				CLANG_WARN_DIRECT_OBJC_ISA_USAGE = YES_ERROR;
				CLANG_WARN_EMPTY_BODY = YES;
				CLANG_WARN_ENUM_CONVERSION = YES;
				CLANG_WARN_INT_CONVERSION = YES;
				CLANG_WARN_OBJC_ROOT_CLASS = YES_ERROR;
				CLANG_WARN__DUPLICATE_METHOD_MATCH = YES;
				CODE_SIGN_IDENTITY = "iPhone Developer: Jinghuang Liu (H4ZH7W6LU4)";
				"CODE_SIGN_IDENTITY[sdk=iphoneos*]" = "iPhone Developer: Jinghuang Liu (H4ZH7W6LU4)";
				COPY_PHASE_STRIP = YES;
				ENABLE_NS_ASSERTIONS = NO;
				GCC_C_LANGUAGE_STANDARD = gnu99;
				GCC_WARN_64_TO_32_BIT_CONVERSION = YES;
				GCC_WARN_ABOUT_RETURN_TYPE = YES_ERROR;
				GCC_WARN_UNDECLARED_SELECTOR = YES;
				GCC_WARN_UNINITIALIZED_AUTOS = YES;
				GCC_WARN_UNUSED_FUNCTION = YES;
				GCC_WARN_UNUSED_VARIABLE = YES;
				IPHONEOS_DEPLOYMENT_TARGET = 7.0;
				PROVISIONING_PROFILE = "";
				SDKROOT = iphoneos;
				TARGETED_DEVICE_FAMILY = "1,2";
				VALIDATE_PRODUCT = YES;
			};
			name = Release;
		};
		A808341D18671109001D257D /* Debug */ = {
			isa = XCBuildConfiguration;
			buildSettings = {
				ARCHS = (
					armv7,
					arm64,
				);
				ASSETCATALOG_COMPILER_APPICON_NAME = AppIcon;
				ASSETCATALOG_COMPILER_LAUNCHIMAGE_NAME = LaunchImage;
				CODE_SIGN_IDENTITY = "iPhone Developer: Jinghuang Liu (H4ZH7W6LU4)";
				FRAMEWORK_SEARCH_PATHS = (
					"$(inherited)",
					"$(SRCROOT)/../Comment",
					"$(SRCROOT)/../ShareSDK/Connection",
					"$(SRCROOT)/../ShareSDK/Core",
					"$(SRCROOT)/../ShareSDK",
					"$(SRCROOT)/../ShareSDK/UI",
				);
				GCC_PRECOMPILE_PREFIX_HEADER = YES;
				GCC_PREFIX_HEADER = "CommentDemo/CommentDemo-Prefix.pch";
				INFOPLIST_FILE = "CommentDemo/CommentDemo-Info.plist";
				IPHONEOS_DEPLOYMENT_TARGET = 4.3;
				LIBRARY_SEARCH_PATHS = (
					"$(inherited)",
					"$(SRCROOT)/../ShareSDK/Extend/TencentWeiboSDK",
					"$(SRCROOT)/../ShareSDK/Extend/WeChatSDK",
					"$(SRCROOT)/../ShareSDK/Extend/SinaWeiboSDK",
				);
				PRODUCT_NAME = "$(TARGET_NAME)";
				PROVISIONING_PROFILE = "";
				TARGETED_DEVICE_FAMILY = 1;
				WRAPPER_EXTENSION = app;
			};
			name = Debug;
		};
		A808341E18671109001D257D /* Release */ = {
			isa = XCBuildConfiguration;
			buildSettings = {
				ARCHS = (
					armv7,
					arm64,
				);
				ASSETCATALOG_COMPILER_APPICON_NAME = AppIcon;
				ASSETCATALOG_COMPILER_LAUNCHIMAGE_NAME = LaunchImage;
				CODE_SIGN_IDENTITY = "iPhone Developer: Jinghuang Liu (H4ZH7W6LU4)";
				FRAMEWORK_SEARCH_PATHS = (
					"$(inherited)",
					"$(SRCROOT)/../Comment",
					"$(SRCROOT)/../ShareSDK/Connection",
					"$(SRCROOT)/../ShareSDK/Core",
					"$(SRCROOT)/../ShareSDK",
					"$(SRCROOT)/../ShareSDK/UI",
				);
				GCC_PRECOMPILE_PREFIX_HEADER = YES;
				GCC_PREFIX_HEADER = "CommentDemo/CommentDemo-Prefix.pch";
				INFOPLIST_FILE = "CommentDemo/CommentDemo-Info.plist";
				IPHONEOS_DEPLOYMENT_TARGET = 4.3;
				LIBRARY_SEARCH_PATHS = (
					"$(inherited)",
					"$(SRCROOT)/../ShareSDK/Extend/TencentWeiboSDK",
					"$(SRCROOT)/../ShareSDK/Extend/WeChatSDK",
					"$(SRCROOT)/../ShareSDK/Extend/SinaWeiboSDK",
				);
				PRODUCT_NAME = "$(TARGET_NAME)";
				PROVISIONING_PROFILE = "";
				TARGETED_DEVICE_FAMILY = 1;
				WRAPPER_EXTENSION = app;
			};
			name = Release;
		};
/* End XCBuildConfiguration section */

/* Begin XCConfigurationList section */
		A80833E218671108001D257D /* Build configuration list for PBXProject "CommentDemo" */ = {
			isa = XCConfigurationList;
			buildConfigurations = (
				A808341A18671109001D257D /* Debug */,
				A808341B18671109001D257D /* Release */,
			);
			defaultConfigurationIsVisible = 0;
			defaultConfigurationName = Release;
		};
		A808341C18671109001D257D /* Build configuration list for PBXNativeTarget "CommentDemo" */ = {
			isa = XCConfigurationList;
			buildConfigurations = (
				A808341D18671109001D257D /* Debug */,
				A808341E18671109001D257D /* Release */,
			);
			defaultConfigurationIsVisible = 0;
			defaultConfigurationName = Release;
		};
/* End XCConfigurationList section */
	};
	rootObject = A80833DF18671108001D257D /* Project object */;
}
